// !$*UTF8*$!
{
	archiveVersion = 1;
	classes = {
	};
	objectVersion = 48;
	objects = {

/* Begin PBXBuildFile section */
		BA356AAE1F873FCD0095D3ED /* AppDelegate.swift in Sources */ = {isa = PBXBuildFile; fileRef = BA356AAD1F873FCD0095D3ED /* AppDelegate.swift */; };
		BA356AB01F873FCD0095D3ED /* Scene.sks in Resources */ = {isa = PBXBuildFile; fileRef = BA356AAF1F873FCD0095D3ED /* Scene.sks */; };
		BA356AB21F873FCD0095D3ED /* Logic.swift in Sources */ = {isa = PBXBuildFile; fileRef = BA356AB11F873FCD0095D3ED /* Logic.swift */; };
		BA356AB41F873FCD0095D3ED /* ViewController.swift in Sources */ = {isa = PBXBuildFile; fileRef = BA356AB31F873FCD0095D3ED /* ViewController.swift */; };
		BA356AB71F873FCD0095D3ED /* Main.storyboard in Resources */ = {isa = PBXBuildFile; fileRef = BA356AB51F873FCD0095D3ED /* Main.storyboard */; };
		BA356AB91F873FCD0095D3ED /* Assets.xcassets in Resources */ = {isa = PBXBuildFile; fileRef = BA356AB81F873FCD0095D3ED /* Assets.xcassets */; };
		BA356ABC1F873FCD0095D3ED /* LaunchScreen.storyboard in Resources */ = {isa = PBXBuildFile; fileRef = BA356ABA1F873FCD0095D3ED /* LaunchScreen.storyboard */; };
		BA356AC71F873FCD0095D3ED /* visionARTests.swift in Sources */ = {isa = PBXBuildFile; fileRef = BA356AC61F873FCD0095D3ED /* visionARTests.swift */; };
		BA356AD21F873FCD0095D3ED /* visionARUITests.swift in Sources */ = {isa = PBXBuildFile; fileRef = BA356AD11F873FCD0095D3ED /* visionARUITests.swift */; };
		BAB552831F87F79600C729F8 /* Inceptionv3.mlmodel in Sources */ = {isa = PBXBuildFile; fileRef = BAB552801F87EE9F00C729F8 /* Inceptionv3.mlmodel */; };
		BAB552851F88024C00C729F8 /* ARBridge.swift in Sources */ = {isa = PBXBuildFile; fileRef = BAB552841F88024C00C729F8 /* ARBridge.swift */; };
/* End PBXBuildFile section */

/* Begin PBXContainerItemProxy section */
		BA356AC31F873FCD0095D3ED /* PBXContainerItemProxy */ = {
			isa = PBXContainerItemProxy;
			containerPortal = BA356AA21F873FCD0095D3ED /* Project object */;
			proxyType = 1;
			remoteGlobalIDString = BA356AA91F873FCD0095D3ED;
			remoteInfo = visionAR;
		};
		BA356ACE1F873FCD0095D3ED /* PBXContainerItemProxy */ = {
			isa = PBXContainerItemProxy;
			containerPortal = BA356AA21F873FCD0095D3ED /* Project object */;
			proxyType = 1;
			remoteGlobalIDString = BA356AA91F873FCD0095D3ED;
			remoteInfo = visionAR;
		};
/* End PBXContainerItemProxy section */

/* Begin PBXFileReference section */
		BA356AAA1F873FCD0095D3ED /* visionAR.app */ = {isa = PBXFileReference; explicitFileType = wrapper.application; includeInIndex = 0; path = visionAR.app; sourceTree = BUILT_PRODUCTS_DIR; };
		BA356AAD1F873FCD0095D3ED /* AppDelegate.swift */ = {isa = PBXFileReference; lastKnownFileType = sourcecode.swift; path = AppDelegate.swift; sourceTree = "<group>"; };
		BA356AAF1F873FCD0095D3ED /* Scene.sks */ = {isa = PBXFileReference; lastKnownFileType = file.sks; path = Scene.sks; sourceTree = "<group>"; };
		BA356AB11F873FCD0095D3ED /* Logic.swift */ = {isa = PBXFileReference; lastKnownFileType = sourcecode.swift; path = Logic.swift; sourceTree = "<group>"; };
		BA356AB31F873FCD0095D3ED /* ViewController.swift */ = {isa = PBXFileReference; lastKnownFileType = sourcecode.swift; path = ViewController.swift; sourceTree = "<group>"; };
		BA356AB61F873FCD0095D3ED /* Base */ = {isa = PBXFileReference; lastKnownFileType = file.storyboard; name = Base; path = Base.lproj/Main.storyboard; sourceTree = "<group>"; };
		BA356AB81F873FCD0095D3ED /* Assets.xcassets */ = {isa = PBXFileReference; lastKnownFileType = folder.assetcatalog; path = Assets.xcassets; sourceTree = "<group>"; };
		BA356ABB1F873FCD0095D3ED /* Base */ = {isa = PBXFileReference; lastKnownFileType = file.storyboard; name = Base; path = Base.lproj/LaunchScreen.storyboard; sourceTree = "<group>"; };
		BA356ABD1F873FCD0095D3ED /* Info.plist */ = {isa = PBXFileReference; lastKnownFileType = text.plist.xml; path = Info.plist; sourceTree = "<group>"; };
		BA356AC21F873FCD0095D3ED /* visionARTests.xctest */ = {isa = PBXFileReference; explicitFileType = wrapper.cfbundle; includeInIndex = 0; path = visionARTests.xctest; sourceTree = BUILT_PRODUCTS_DIR; };
		BA356AC61F873FCD0095D3ED /* visionARTests.swift */ = {isa = PBXFileReference; lastKnownFileType = sourcecode.swift; path = visionARTests.swift; sourceTree = "<group>"; };
		BA356AC81F873FCD0095D3ED /* Info.plist */ = {isa = PBXFileReference; lastKnownFileType = text.plist.xml; path = Info.plist; sourceTree = "<group>"; };
		BA356ACD1F873FCD0095D3ED /* visionARUITests.xctest */ = {isa = PBXFileReference; explicitFileType = wrapper.cfbundle; includeInIndex = 0; path = visionARUITests.xctest; sourceTree = BUILT_PRODUCTS_DIR; };
		BA356AD11F873FCD0095D3ED /* visionARUITests.swift */ = {isa = PBXFileReference; lastKnownFileType = sourcecode.swift; path = visionARUITests.swift; sourceTree = "<group>"; };
		BA356AD31F873FCD0095D3ED /* Info.plist */ = {isa = PBXFileReference; lastKnownFileType = text.plist.xml; path = Info.plist; sourceTree = "<group>"; };
		BAB552801F87EE9F00C729F8 /* Inceptionv3.mlmodel */ = {isa = PBXFileReference; lastKnownFileType = file.mlmodel; path = Inceptionv3.mlmodel; sourceTree = "<group>"; };
		BAB552841F88024C00C729F8 /* ARBridge.swift */ = {isa = PBXFileReference; lastKnownFileType = sourcecode.swift; path = ARBridge.swift; sourceTree = "<group>"; };
/* End PBXFileReference section */

/* Begin PBXFrameworksBuildPhase section */
		BA356AA71F873FCD0095D3ED /* Frameworks */ = {
			isa = PBXFrameworksBuildPhase;
			buildActionMask = 2147483647;
			files = (
			);
			runOnlyForDeploymentPostprocessing = 0;
		};
		BA356ABF1F873FCD0095D3ED /* Frameworks */ = {
			isa = PBXFrameworksBuildPhase;
			buildActionMask = 2147483647;
			files = (
			);
			runOnlyForDeploymentPostprocessing = 0;
		};
		BA356ACA1F873FCD0095D3ED /* Frameworks */ = {
			isa = PBXFrameworksBuildPhase;
			buildActionMask = 2147483647;
			files = (
			);
			runOnlyForDeploymentPostprocessing = 0;
		};
/* End PBXFrameworksBuildPhase section */

/* Begin PBXGroup section */
		BA356AA11F873FCD0095D3ED = {
			isa = PBXGroup;
			children = (
				BA356AAC1F873FCD0095D3ED /* visionAR */,
				BA356AC51F873FCD0095D3ED /* visionARTests */,
				BA356AD01F873FCD0095D3ED /* visionARUITests */,
				BA356AAB1F873FCD0095D3ED /* Products */,
			);
			sourceTree = "<group>";
		};
		BA356AAB1F873FCD0095D3ED /* Products */ = {
			isa = PBXGroup;
			children = (
				BA356AAA1F873FCD0095D3ED /* visionAR.app */,
				BA356AC21F873FCD0095D3ED /* visionARTests.xctest */,
				BA356ACD1F873FCD0095D3ED /* visionARUITests.xctest */,
			);
			name = Products;
			sourceTree = "<group>";
		};
		BA356AAC1F873FCD0095D3ED /* visionAR */ = {
			isa = PBXGroup;
			children = (
				BAB552801F87EE9F00C729F8 /* Inceptionv3.mlmodel */,
				BA356AAD1F873FCD0095D3ED /* AppDelegate.swift */,
				BA356AAF1F873FCD0095D3ED /* Scene.sks */,
				BA356AB11F873FCD0095D3ED /* Logic.swift */,
				BA356AB31F873FCD0095D3ED /* ViewController.swift */,
				BA356AB51F873FCD0095D3ED /* Main.storyboard */,
				BA356AB81F873FCD0095D3ED /* Assets.xcassets */,
				BA356ABA1F873FCD0095D3ED /* LaunchScreen.storyboard */,
				BA356ABD1F873FCD0095D3ED /* Info.plist */,
				BAB552841F88024C00C729F8 /* ARBridge.swift */,
			);
			path = visionAR;
			sourceTree = "<group>";
		};
		BA356AC51F873FCD0095D3ED /* visionARTests */ = {
			isa = PBXGroup;
			children = (
				BA356AC61F873FCD0095D3ED /* visionARTests.swift */,
				BA356AC81F873FCD0095D3ED /* Info.plist */,
			);
			path = visionARTests;
			sourceTree = "<group>";
		};
		BA356AD01F873FCD0095D3ED /* visionARUITests */ = {
			isa = PBXGroup;
			children = (
				BA356AD11F873FCD0095D3ED /* visionARUITests.swift */,
				BA356AD31F873FCD0095D3ED /* Info.plist */,
			);
			path = visionARUITests;
			sourceTree = "<group>";
		};
/* End PBXGroup section */

/* Begin PBXNativeTarget section */
		BA356AA91F873FCD0095D3ED /* visionAR */ = {
			isa = PBXNativeTarget;
			buildConfigurationList = BA356AD61F873FCD0095D3ED /* Build configuration list for PBXNativeTarget "visionAR" */;
			buildPhases = (
				BA356AA61F873FCD0095D3ED /* Sources */,
				BA356AA71F873FCD0095D3ED /* Frameworks */,
				BA356AA81F873FCD0095D3ED /* Resources */,
			);
			buildRules = (
			);
			dependencies = (
			);
			name = visionAR;
			productName = visionAR;
			productReference = BA356AAA1F873FCD0095D3ED /* visionAR.app */;
			productType = "com.apple.product-type.application";
		};
		BA356AC11F873FCD0095D3ED /* visionARTests */ = {
			isa = PBXNativeTarget;
			buildConfigurationList = BA356AD91F873FCD0095D3ED /* Build configuration list for PBXNativeTarget "visionARTests" */;
			buildPhases = (
				BA356ABE1F873FCD0095D3ED /* Sources */,
				BA356ABF1F873FCD0095D3ED /* Frameworks */,
				BA356AC01F873FCD0095D3ED /* Resources */,
			);
			buildRules = (
			);
			dependencies = (
				BA356AC41F873FCD0095D3ED /* PBXTargetDependency */,
			);
			name = visionARTests;
			productName = visionARTests;
			productReference = BA356AC21F873FCD0095D3ED /* visionARTests.xctest */;
			productType = "com.apple.product-type.bundle.unit-test";
		};
		BA356ACC1F873FCD0095D3ED /* visionARUITests */ = {
			isa = PBXNativeTarget;
			buildConfigurationList = BA356ADC1F873FCD0095D3ED /* Build configuration list for PBXNativeTarget "visionARUITests" */;
			buildPhases = (
				BA356AC91F873FCD0095D3ED /* Sources */,
				BA356ACA1F873FCD0095D3ED /* Frameworks */,
				BA356ACB1F873FCD0095D3ED /* Resources */,
			);
			buildRules = (
			);
			dependencies = (
				BA356ACF1F873FCD0095D3ED /* PBXTargetDependency */,
			);
			name = visionARUITests;
			productName = visionARUITests;
			productReference = BA356ACD1F873FCD0095D3ED /* visionARUITests.xctest */;
			productType = "com.apple.product-type.bundle.ui-testing";
		};
/* End PBXNativeTarget section */

/* Begin PBXProject section */
		BA356AA21F873FCD0095D3ED /* Project object */ = {
			isa = PBXProject;
			attributes = {
				LastSwiftUpdateCheck = 0900;
				LastUpgradeCheck = 0900;
				ORGANIZATIONNAME = "Fiona Carty";
				TargetAttributes = {
					BA356AA91F873FCD0095D3ED = {
						CreatedOnToolsVersion = 9.0;
						ProvisioningStyle = Automatic;
					};
					BA356AC11F873FCD0095D3ED = {
						CreatedOnToolsVersion = 9.0;
						ProvisioningStyle = Automatic;
						TestTargetID = BA356AA91F873FCD0095D3ED;
					};
					BA356ACC1F873FCD0095D3ED = {
						CreatedOnToolsVersion = 9.0;
						ProvisioningStyle = Automatic;
						TestTargetID = BA356AA91F873FCD0095D3ED;
					};
				};
			};
			buildConfigurationList = BA356AA51F873FCD0095D3ED /* Build configuration list for PBXProject "visionAR" */;
			compatibilityVersion = "Xcode 8.0";
			developmentRegion = en;
			hasScannedForEncodings = 0;
			knownRegions = (
				en,
				Base,
			);
			mainGroup = BA356AA11F873FCD0095D3ED;
			productRefGroup = BA356AAB1F873FCD0095D3ED /* Products */;
			projectDirPath = "";
			projectRoot = "";
			targets = (
				BA356AA91F873FCD0095D3ED /* visionAR */,
				BA356AC11F873FCD0095D3ED /* visionARTests */,
				BA356ACC1F873FCD0095D3ED /* visionARUITests */,
			);
		};
/* End PBXProject section */

/* Begin PBXResourcesBuildPhase section */
		BA356AA81F873FCD0095D3ED /* Resources */ = {
			isa = PBXResourcesBuildPhase;
			buildActionMask = 2147483647;
			files = (
				BA356AB01F873FCD0095D3ED /* Scene.sks in Resources */,
				BA356ABC1F873FCD0095D3ED /* LaunchScreen.storyboard in Resources */,
				BA356AB91F873FCD0095D3ED /* Assets.xcassets in Resources */,
				BA356AB71F873FCD0095D3ED /* Main.storyboard in Resources */,
			);
			runOnlyForDeploymentPostprocessing = 0;
		};
		BA356AC01F873FCD0095D3ED /* Resources */ = {
			isa = PBXResourcesBuildPhase;
			buildActionMask = 2147483647;
			files = (
			);
			runOnlyForDeploymentPostprocessing = 0;
		};
		BA356ACB1F873FCD0095D3ED /* Resources */ = {
			isa = PBXResourcesBuildPhase;
			buildActionMask = 2147483647;
			files = (
			);
			runOnlyForDeploymentPostprocessing = 0;
		};
/* End PBXResourcesBuildPhase section */

/* Begin PBXSourcesBuildPhase section */
		BA356AA61F873FCD0095D3ED /* Sources */ = {
			isa = PBXSourcesBuildPhase;
			buildActionMask = 2147483647;
			files = (
				BA356AB41F873FCD0095D3ED /* ViewController.swift in Sources */,
				BAB552831F87F79600C729F8 /* Inceptionv3.mlmodel in Sources */,
				BAB552851F88024C00C729F8 /* ARBridge.swift in Sources */,
				BA356AB21F873FCD0095D3ED /* Logic.swift in Sources */,
				BA356AAE1F873FCD0095D3ED /* AppDelegate.swift in Sources */,
			);
			runOnlyForDeploymentPostprocessing = 0;
		};
		BA356ABE1F873FCD0095D3ED /* Sources */ = {
			isa = PBXSourcesBuildPhase;
			buildActionMask = 2147483647;
			files = (
				BA356AC71F873FCD0095D3ED /* visionARTests.swift in Sources */,
			);
			runOnlyForDeploymentPostprocessing = 0;
		};
		BA356AC91F873FCD0095D3ED /* Sources */ = {
			isa = PBXSourcesBuildPhase;
			buildActionMask = 2147483647;
			files = (
				BA356AD21F873FCD0095D3ED /* visionARUITests.swift in Sources */,
			);
			runOnlyForDeploymentPostprocessing = 0;
		};
/* End PBXSourcesBuildPhase section */

/* Begin PBXTargetDependency section */
		BA356AC41F873FCD0095D3ED /* PBXTargetDependency */ = {
			isa = PBXTargetDependency;
			target = BA356AA91F873FCD0095D3ED /* visionAR */;
			targetProxy = BA356AC31F873FCD0095D3ED /* PBXContainerItemProxy */;
		};
		BA356ACF1F873FCD0095D3ED /* PBXTargetDependency */ = {
			isa = PBXTargetDependency;
			target = BA356AA91F873FCD0095D3ED /* visionAR */;
			targetProxy = BA356ACE1F873FCD0095D3ED /* PBXContainerItemProxy */;
		};
/* End PBXTargetDependency section */

/* Begin PBXVariantGroup section */
		BA356AB51F873FCD0095D3ED /* Main.storyboard */ = {
			isa = PBXVariantGroup;
			children = (
				BA356AB61F873FCD0095D3ED /* Base */,
			);
			name = Main.storyboard;
			sourceTree = "<group>";
		};
		BA356ABA1F873FCD0095D3ED /* LaunchScreen.storyboard */ = {
			isa = PBXVariantGroup;
			children = (
				BA356ABB1F873FCD0095D3ED /* Base */,
			);
			name = LaunchScreen.storyboard;
			sourceTree = "<group>";
		};
/* End PBXVariantGroup section */

/* Begin XCBuildConfiguration section */
		BA356AD41F873FCD0095D3ED /* Debug */ = {
			isa = XCBuildConfiguration;
			buildSettings = {
				ALWAYS_SEARCH_USER_PATHS = NO;
				CLANG_ANALYZER_NONNULL = YES;
				CLANG_ANALYZER_NUMBER_OBJECT_CONVERSION = YES_AGGRESSIVE;
				CLANG_CXX_LANGUAGE_STANDARD = "gnu++14";
				CLANG_CXX_LIBRARY = "libc++";
				CLANG_ENABLE_MODULES = YES;
				CLANG_ENABLE_OBJC_ARC = YES;
				CLANG_WARN_BLOCK_CAPTURE_AUTORELEASING = YES;
				CLANG_WARN_BOOL_CONVERSION = YES;
				CLANG_WARN_COMMA = YES;
				CLANG_WARN_CONSTANT_CONVERSION = YES;
				CLANG_WARN_DIRECT_OBJC_ISA_USAGE = YES_ERROR;
				CLANG_WARN_DOCUMENTATION_COMMENTS = YES;
				CLANG_WARN_EMPTY_BODY = YES;
				CLANG_WARN_ENUM_CONVERSION = YES;
				CLANG_WARN_INFINITE_RECURSION = YES;
				CLANG_WARN_INT_CONVERSION = YES;
				CLANG_WARN_NON_LITERAL_NULL_CONVERSION = YES;
				CLANG_WARN_OBJC_LITERAL_CONVERSION = YES;
				CLANG_WARN_OBJC_ROOT_CLASS = YES_ERROR;
				CLANG_WARN_RANGE_LOOP_ANALYSIS = YES;
				CLANG_WARN_STRICT_PROTOTYPES = YES;
				CLANG_WARN_SUSPICIOUS_MOVE = YES;
				CLANG_WARN_UNGUARDED_AVAILABILITY = YES_AGGRESSIVE;
				CLANG_WARN_UNREACHABLE_CODE = YES;
				CLANG_WARN__DUPLICATE_METHOD_MATCH = YES;
				CODE_SIGN_IDENTITY = "iPhone Developer";
				COPY_PHASE_STRIP = NO;
				DEBUG_INFORMATION_FORMAT = dwarf;
				ENABLE_STRICT_OBJC_MSGSEND = YES;
				ENABLE_TESTABILITY = YES;
				GCC_C_LANGUAGE_STANDARD = gnu11;
				GCC_DYNAMIC_NO_PIC = NO;
				GCC_NO_COMMON_BLOCKS = YES;
				GCC_OPTIMIZATION_LEVEL = 0;
				GCC_PREPROCESSOR_DEFINITIONS = (
					"DEBUG=1",
					"$(inherited)",
				);
				GCC_WARN_64_TO_32_BIT_CONVERSION = YES;
				GCC_WARN_ABOUT_RETURN_TYPE = YES_ERROR;
				GCC_WARN_UNDECLARED_SELECTOR = YES;
				GCC_WARN_UNINITIALIZED_AUTOS = YES_AGGRESSIVE;
				GCC_WARN_UNUSED_FUNCTION = YES;
				GCC_WARN_UNUSED_VARIABLE = YES;
				IPHONEOS_DEPLOYMENT_TARGET = 11.0;
				MTL_ENABLE_DEBUG_INFO = YES;
				ONLY_ACTIVE_ARCH = YES;
				SDKROOT = iphoneos;
				SWIFT_ACTIVE_COMPILATION_CONDITIONS = DEBUG;
				SWIFT_OPTIMIZATION_LEVEL = "-Onone";
			};
			name = Debug;
		};
		BA356AD51F873FCD0095D3ED /* Release */ = {
			isa = XCBuildConfiguration;
			buildSettings = {
				ALWAYS_SEARCH_USER_PATHS = NO;
				CLANG_ANALYZER_NONNULL = YES;
				CLANG_ANALYZER_NUMBER_OBJECT_CONVERSION = YES_AGGRESSIVE;
				CLANG_CXX_LANGUAGE_STANDARD = "gnu++14";
				CLANG_CXX_LIBRARY = "libc++";
				CLANG_ENABLE_MODULES = YES;
				CLANG_ENABLE_OBJC_ARC = YES;
				CLANG_WARN_BLOCK_CAPTURE_AUTORELEASING = YES;
				CLANG_WARN_BOOL_CONVERSION = YES;
				CLANG_WARN_COMMA = YES;
				CLANG_WARN_CONSTANT_CONVERSION = YES;
				CLANG_WARN_DIRECT_OBJC_ISA_USAGE = YES_ERROR;
				CLANG_WARN_DOCUMENTATION_COMMENTS = YES;
				CLANG_WARN_EMPTY_BODY = YES;
				CLANG_WARN_ENUM_CONVERSION = YES;
				CLANG_WARN_INFINITE_RECURSION = YES;
				CLANG_WARN_INT_CONVERSION = YES;
				CLANG_WARN_NON_LITERAL_NULL_CONVERSION = YES;
				CLANG_WARN_OBJC_LITERAL_CONVERSION = YES;
				CLANG_WARN_OBJC_ROOT_CLASS = YES_ERROR;
				CLANG_WARN_RANGE_LOOP_ANALYSIS = YES;
				CLANG_WARN_STRICT_PROTOTYPES = YES;
				CLANG_WARN_SUSPICIOUS_MOVE = YES;
				CLANG_WARN_UNGUARDED_AVAILABILITY = YES_AGGRESSIVE;
				CLANG_WARN_UNREACHABLE_CODE = YES;
				CLANG_WARN__DUPLICATE_METHOD_MATCH = YES;
				CODE_SIGN_IDENTITY = "iPhone Developer";
				COPY_PHASE_STRIP = NO;
				DEBUG_INFORMATION_FORMAT = "dwarf-with-dsym";
				ENABLE_NS_ASSERTIONS = NO;
				ENABLE_STRICT_OBJC_MSGSEND = YES;
				GCC_C_LANGUAGE_STANDARD = gnu11;
				GCC_NO_COMMON_BLOCKS = YES;
				GCC_WARN_64_TO_32_BIT_CONVERSION = YES;
				GCC_WARN_ABOUT_RETURN_TYPE = YES_ERROR;
				GCC_WARN_UNDECLARED_SELECTOR = YES;
				GCC_WARN_UNINITIALIZED_AUTOS = YES_AGGRESSIVE;
				GCC_WARN_UNUSED_FUNCTION = YES;
				GCC_WARN_UNUSED_VARIABLE = YES;
				IPHONEOS_DEPLOYMENT_TARGET = 11.0;
				MTL_ENABLE_DEBUG_INFO = NO;
				SDKROOT = iphoneos;
				SWIFT_OPTIMIZATION_LEVEL = "-Owholemodule";
				VALIDATE_PRODUCT = YES;
			};
			name = Release;
		};
		BA356AD71F873FCD0095D3ED /* Debug */ = {
			isa = XCBuildConfiguration;
			buildSettings = {
				ASSETCATALOG_COMPILER_APPICON_NAME = AppIcon;
				CODE_SIGN_STYLE = Automatic;
				DEVELOPMENT_TEAM = U7U96T5227;
				INFOPLIST_FILE = visionAR/Info.plist;
				LD_RUNPATH_SEARCH_PATHS = "$(inherited) @executable_path/Frameworks";
				PRODUCT_BUNDLE_IDENTIFIER = com.fiona.visionAR;
				PRODUCT_NAME = "$(TARGET_NAME)";
				SWIFT_VERSION = 4.0;
				TARGETED_DEVICE_FAMILY = "1,2";
			};
			name = Debug;
		};
		BA356AD81F873FCD0095D3ED /* Release */ = {
			isa = XCBuildConfiguration;
			buildSettings = {
				ASSETCATALOG_COMPILER_APPICON_NAME = AppIcon;
				CODE_SIGN_STYLE = Automatic;
				DEVELOPMENT_TEAM = U7U96T5227;
				INFOPLIST_FILE = visionAR/Info.plist;
				LD_RUNPATH_SEARCH_PATHS = "$(inherited) @executable_path/Frameworks";
				PRODUCT_BUNDLE_IDENTIFIER = com.fiona.visionAR;
				PRODUCT_NAME = "$(TARGET_NAME)";
				SWIFT_VERSION = 4.0;
				TARGETED_DEVICE_FAMILY = "1,2";
			};
			name = Release;
		};
		BA356ADA1F873FCD0095D3ED /* Debug */ = {
			isa = XCBuildConfiguration;
			buildSettings = {
				ALWAYS_EMBED_SWIFT_STANDARD_LIBRARIES = YES;
				BUNDLE_LOADER = "$(TEST_HOST)";
				CODE_SIGN_STYLE = Automatic;
				DEVELOPMENT_TEAM = U7U96T5227;
				INFOPLIST_FILE = visionARTests/Info.plist;
				LD_RUNPATH_SEARCH_PATHS = "$(inherited) @executable_path/Frameworks @loader_path/Frameworks";
				PRODUCT_BUNDLE_IDENTIFIER = com.fiona.visionARTests;
				PRODUCT_NAME = "$(TARGET_NAME)";
				SWIFT_VERSION = 4.0;
				TARGETED_DEVICE_FAMILY = "1,2";
				TEST_HOST = "$(BUILT_PRODUCTS_DIR)/visionAR.app/visionAR";
			};
			name = Debug;
		};
		BA356ADB1F873FCD0095D3ED /* Release */ = {
			isa = XCBuildConfiguration;
			buildSettings = {
				ALWAYS_EMBED_SWIFT_STANDARD_LIBRARIES = YES;
				BUNDLE_LOADER = "$(TEST_HOST)";
				CODE_SIGN_STYLE = Automatic;
				DEVELOPMENT_TEAM = U7U96T5227;
				INFOPLIST_FILE = visionARTests/Info.plist;
				LD_RUNPATH_SEARCH_PATHS = "$(inherited) @executable_path/Frameworks @loader_path/Frameworks";
				PRODUCT_BUNDLE_IDENTIFIER = com.fiona.visionARTests;
				PRODUCT_NAME = "$(TARGET_NAME)";
				SWIFT_VERSION = 4.0;
				TARGETED_DEVICE_FAMILY = "1,2";
				TEST_HOST = "$(BUILT_PRODUCTS_DIR)/visionAR.app/visionAR";
			};
			name = Release;
		};
		BA356ADD1F873FCD0095D3ED /* Debug */ = {
			isa = XCBuildConfiguration;
			buildSettings = {
				ALWAYS_EMBED_SWIFT_STANDARD_LIBRARIES = YES;
				CODE_SIGN_STYLE = Automatic;
				DEVELOPMENT_TEAM = U7U96T5227;
				INFOPLIST_FILE = visionARUITests/Info.plist;
				LD_RUNPATH_SEARCH_PATHS = "$(inherited) @executable_path/Frameworks @loader_path/Frameworks";
				PRODUCT_BUNDLE_IDENTIFIER = com.fiona.visionARUITests;
				PRODUCT_NAME = "$(TARGET_NAME)";
				SWIFT_VERSION = 4.0;
				TARGETED_DEVICE_FAMILY = "1,2";
				TEST_TARGET_NAME = visionAR;
			};
			name = Debug;
		};
		BA356ADE1F873FCD0095D3ED /* Release */ = {
			isa = XCBuildConfiguration;
			buildSettings = {
				ALWAYS_EMBED_SWIFT_STANDARD_LIBRARIES = YES;
				CODE_SIGN_STYLE = Automatic;
				DEVELOPMENT_TEAM = U7U96T5227;
				INFOPLIST_FILE = visionARUITests/Info.plist;
				LD_RUNPATH_SEARCH_PATHS = "$(inherited) @executable_path/Frameworks @loader_path/Frameworks";
				PRODUCT_BUNDLE_IDENTIFIER = com.fiona.visionARUITests;
				PRODUCT_NAME = "$(TARGET_NAME)";
				SWIFT_VERSION = 4.0;
				TARGETED_DEVICE_FAMILY = "1,2";
				TEST_TARGET_NAME = visionAR;
			};
			name = Release;
		};
/* End XCBuildConfiguration section */

/* Begin XCConfigurationList section */
		BA356AA51F873FCD0095D3ED /* Build configuration list for PBXProject "visionAR" */ = {
			isa = XCConfigurationList;
			buildConfigurations = (
				BA356AD41F873FCD0095D3ED /* Debug */,
				BA356AD51F873FCD0095D3ED /* Release */,
			);
			defaultConfigurationIsVisible = 0;
			defaultConfigurationName = Release;
		};
		BA356AD61F873FCD0095D3ED /* Build configuration list for PBXNativeTarget "visionAR" */ = {
			isa = XCConfigurationList;
			buildConfigurations = (
				BA356AD71F873FCD0095D3ED /* Debug */,
				BA356AD81F873FCD0095D3ED /* Release */,
			);
			defaultConfigurationIsVisible = 0;
			defaultConfigurationName = Release;
		};
		BA356AD91F873FCD0095D3ED /* Build configuration list for PBXNativeTarget "visionARTests" */ = {
			isa = XCConfigurationList;
			buildConfigurations = (
				BA356ADA1F873FCD0095D3ED /* Debug */,
				BA356ADB1F873FCD0095D3ED /* Release */,
			);
			defaultConfigurationIsVisible = 0;
			defaultConfigurationName = Release;
		};
		BA356ADC1F873FCD0095D3ED /* Build configuration list for PBXNativeTarget "visionARUITests" */ = {
			isa = XCConfigurationList;
			buildConfigurations = (
				BA356ADD1F873FCD0095D3ED /* Debug */,
				BA356ADE1F873FCD0095D3ED /* Release */,
			);
			defaultConfigurationIsVisible = 0;
			defaultConfigurationName = Release;
		};
/* End XCConfigurationList section */
	};
	rootObject = BA356AA21F873FCD0095D3ED /* Project object */;
}
